
Microsoft Visual Studio Solution File, Format Version 12.00
# Visual Studio Version 17
VisualStudioVersion = 17.10.35122.118
MinimumVisualStudioVersion = 10.0.40219.1
Project("{FAE04EC0-301F-11D3-BF4B-00C04F79EFBC}") = "CrudDapper", "CrudDapper\CrudDapper.csproj", "{38220D47-4A78-4912-BE36-33D51F8BF605}"
EndProject
Global
	GlobalSection(SolutionConfigurationPlatforms) = preSolution
		Debug|Any CPU = Debug|Any CPU
		Release|Any CPU = Release|Any CPU
	EndGlobalSection
	GlobalSection(ProjectConfigurationPlatforms) = postSolution
		{38220D47-4A78-4912-BE36-33D51F8BF605}.Debug|Any CPU.ActiveCfg = Debug|Any CPU
		{38220D47-4A78-4912-BE36-33D51F8BF605}.Debug|Any CPU.Build.0 = Debug|Any CPU
		{38220D47-4A78-4912-BE36-33D51F8BF605}.Release|Any CPU.ActiveCfg = Release|Any CPU
		{38220D47-4A78-4912-BE36-33D51F8BF605}.Release|Any CPU.Build.0 = Release|Any CPU
	EndGlobalSection
	GlobalSection(SolutionProperties) = preSolution
		HideSolutionNode = FALSE
	EndGlobalSection
	GlobalSection(ExtensibilityGlobals) = postSolution
		SolutionGuid = {0F7C2413-8994-429E-8FA2-9B90DE76A216}
	EndGlobalSection
EndGlobal
